// !$*UTF8*$!
{
	archiveVersion = 1;
	classes = {
	};
	objectVersion = 56;
	objects = {

/* Begin PBXBuildFile section */
		E8704CFB29C7687A00734611 /* Cell.swift in Sources */ = {isa = PBXBuildFile; fileRef = E8704CFA29C7687A00734611 /* Cell.swift */; };
		E8704CFE29C76FD300734611 /* UserResponse.swift in Sources */ = {isa = PBXBuildFile; fileRef = E8704CFC29C76FD300734611 /* UserResponse.swift */; };
		E8704D0129C76FE500734611 /* userModelData.json in Resources */ = {isa = PBXBuildFile; fileRef = E8704D0029C76FE500734611 /* userModelData.json */; };
		E8717A1E29C8406600371D80 /* coursesModelData.json in Resources */ = {isa = PBXBuildFile; fileRef = E8717A1D29C8406600371D80 /* coursesModelData.json */; };
		E8717A2029C8407400371D80 /* ProductsResponse.swift in Sources */ = {isa = PBXBuildFile; fileRef = E8717A1F29C8407400371D80 /* ProductsResponse.swift */; };
		E8717A2229C840CE00371D80 /* Data.swift in Sources */ = {isa = PBXBuildFile; fileRef = E8717A2129C840CE00371D80 /* Data.swift */; };
		E8717A2429C8527600371D80 /* ProductRow.swift in Sources */ = {isa = PBXBuildFile; fileRef = E8717A2329C8527600371D80 /* ProductRow.swift */; };
		E8717A2629C8A7A400371D80 /* ProductItem.swift in Sources */ = {isa = PBXBuildFile; fileRef = E8717A2529C8A7A400371D80 /* ProductItem.swift */; };
		E871F2A429C9AD7C003716F0 /* FriendsList.swift in Sources */ = {isa = PBXBuildFile; fileRef = E871F2A329C9AD7C003716F0 /* FriendsList.swift */; };
		E891979029C5DA81009A3DA2 /* SBSwiftUIApp.swift in Sources */ = {isa = PBXBuildFile; fileRef = E891978F29C5DA81009A3DA2 /* SBSwiftUIApp.swift */; };
		E891979229C5DA81009A3DA2 /* ContentView.swift in Sources */ = {isa = PBXBuildFile; fileRef = E891979129C5DA81009A3DA2 /* ContentView.swift */; };
		E891979429C5DA81009A3DA2 /* Assets.xcassets in Resources */ = {isa = PBXBuildFile; fileRef = E891979329C5DA81009A3DA2 /* Assets.xcassets */; };
		E891979729C5DA81009A3DA2 /* Preview Assets.xcassets in Resources */ = {isa = PBXBuildFile; fileRef = E891979629C5DA81009A3DA2 /* Preview Assets.xcassets */; };
		E891979E29C5E477009A3DA2 /* TopView.swift in Sources */ = {isa = PBXBuildFile; fileRef = E891979D29C5E477009A3DA2 /* TopView.swift */; };
/* End PBXBuildFile section */

/* Begin PBXFileReference section */
		E8704CFA29C7687A00734611 /* Cell.swift */ = {isa = PBXFileReference; lastKnownFileType = sourcecode.swift; path = Cell.swift; sourceTree = "<group>"; };
		E8704CFC29C76FD300734611 /* UserResponse.swift */ = {isa = PBXFileReference; fileEncoding = 4; lastKnownFileType = sourcecode.swift; path = UserResponse.swift; sourceTree = "<group>"; };
		E8704D0029C76FE500734611 /* userModelData.json */ = {isa = PBXFileReference; fileEncoding = 4; lastKnownFileType = text.json; path = userModelData.json; sourceTree = "<group>"; };
		E8717A1D29C8406600371D80 /* coursesModelData.json */ = {isa = PBXFileReference; fileEncoding = 4; lastKnownFileType = text.json; path = coursesModelData.json; sourceTree = "<group>"; };
		E8717A1F29C8407400371D80 /* ProductsResponse.swift */ = {isa = PBXFileReference; fileEncoding = 4; lastKnownFileType = sourcecode.swift; path = ProductsResponse.swift; sourceTree = "<group>"; };
		E8717A2129C840CE00371D80 /* Data.swift */ = {isa = PBXFileReference; fileEncoding = 4; lastKnownFileType = sourcecode.swift; path = Data.swift; sourceTree = "<group>"; };
		E8717A2329C8527600371D80 /* ProductRow.swift */ = {isa = PBXFileReference; lastKnownFileType = sourcecode.swift; path = ProductRow.swift; sourceTree = "<group>"; };
		E8717A2529C8A7A400371D80 /* ProductItem.swift */ = {isa = PBXFileReference; lastKnownFileType = sourcecode.swift; path = ProductItem.swift; sourceTree = "<group>"; };
		E871F2A329C9AD7C003716F0 /* FriendsList.swift */ = {isa = PBXFileReference; fileEncoding = 4; lastKnownFileType = sourcecode.swift; path = FriendsList.swift; sourceTree = "<group>"; };
		E891978C29C5DA81009A3DA2 /* SBSwiftUI.app */ = {isa = PBXFileReference; explicitFileType = wrapper.application; includeInIndex = 0; path = SBSwiftUI.app; sourceTree = BUILT_PRODUCTS_DIR; };
		E891978F29C5DA81009A3DA2 /* SBSwiftUIApp.swift */ = {isa = PBXFileReference; lastKnownFileType = sourcecode.swift; path = SBSwiftUIApp.swift; sourceTree = "<group>"; };
		E891979129C5DA81009A3DA2 /* ContentView.swift */ = {isa = PBXFileReference; lastKnownFileType = sourcecode.swift; path = ContentView.swift; sourceTree = "<group>"; };
		E891979329C5DA81009A3DA2 /* Assets.xcassets */ = {isa = PBXFileReference; lastKnownFileType = folder.assetcatalog; path = Assets.xcassets; sourceTree = "<group>"; };
		E891979629C5DA81009A3DA2 /* Preview Assets.xcassets */ = {isa = PBXFileReference; lastKnownFileType = folder.assetcatalog; path = "Preview Assets.xcassets"; sourceTree = "<group>"; };
		E891979D29C5E477009A3DA2 /* TopView.swift */ = {isa = PBXFileReference; lastKnownFileType = sourcecode.swift; path = TopView.swift; sourceTree = "<group>"; };
/* End PBXFileReference section */

/* Begin PBXFrameworksBuildPhase section */
		E891978929C5DA81009A3DA2 /* Frameworks */ = {
			isa = PBXFrameworksBuildPhase;
			buildActionMask = 2147483647;
			files = (
			);
			runOnlyForDeploymentPostprocessing = 0;
		};
/* End PBXFrameworksBuildPhase section */

/* Begin PBXGroup section */
		E891978329C5DA81009A3DA2 = {
			isa = PBXGroup;
			children = (
				E891978E29C5DA81009A3DA2 /* SBSwiftUI */,
				E891978D29C5DA81009A3DA2 /* Products */,
			);
			sourceTree = "<group>";
		};
		E891978D29C5DA81009A3DA2 /* Products */ = {
			isa = PBXGroup;
			children = (
				E891978C29C5DA81009A3DA2 /* SBSwiftUI.app */,
			);
			name = Products;
			sourceTree = "<group>";
		};
		E891978E29C5DA81009A3DA2 /* SBSwiftUI */ = {
			isa = PBXGroup;
			children = (
				E891978F29C5DA81009A3DA2 /* SBSwiftUIApp.swift */,
				E891979129C5DA81009A3DA2 /* ContentView.swift */,
				E8717A1F29C8407400371D80 /* ProductsResponse.swift */,
				E8717A2329C8527600371D80 /* ProductRow.swift */,
				E8717A2529C8A7A400371D80 /* ProductItem.swift */,
				E8717A1D29C8406600371D80 /* coursesModelData.json */,
				E8717A2129C840CE00371D80 /* Data.swift */,
				E891979D29C5E477009A3DA2 /* TopView.swift */,
				E8704CFA29C7687A00734611 /* Cell.swift */,
				E8704D0029C76FE500734611 /* userModelData.json */,
				E871F2A329C9AD7C003716F0 /* FriendsList.swift */,
				E8704CFC29C76FD300734611 /* UserResponse.swift */,
				E891979329C5DA81009A3DA2 /* Assets.xcassets */,
				E891979529C5DA81009A3DA2 /* Preview Content */,
			);
			path = SBSwiftUI;
			sourceTree = "<group>";
		};
		E891979529C5DA81009A3DA2 /* Preview Content */ = {
			isa = PBXGroup;
			children = (
				E891979629C5DA81009A3DA2 /* Preview Assets.xcassets */,
			);
			path = "Preview Content";
			sourceTree = "<group>";
		};
/* End PBXGroup section */

/* Begin PBXNativeTarget section */
		E891978B29C5DA81009A3DA2 /* SBSwiftUI */ = {
			isa = PBXNativeTarget;
			buildConfigurationList = E891979A29C5DA81009A3DA2 /* Build configuration list for PBXNativeTarget "SBSwiftUI" */;
			buildPhases = (
				E891978829C5DA81009A3DA2 /* Sources */,
				E891978929C5DA81009A3DA2 /* Frameworks */,
				E891978A29C5DA81009A3DA2 /* Resources */,
			);
			buildRules = (
			);
			dependencies = (
			);
			name = SBSwiftUI;
			productName = SBSwiftUI;
			productReference = E891978C29C5DA81009A3DA2 /* SBSwiftUI.app */;
			productType = "com.apple.product-type.application";
		};
/* End PBXNativeTarget section */

/* Begin PBXProject section */
		E891978429C5DA81009A3DA2 /* Project object */ = {
			isa = PBXProject;
			attributes = {
				BuildIndependentTargetsInParallel = 1;
				LastSwiftUpdateCheck = 1420;
				LastUpgradeCheck = 1420;
				TargetAttributes = {
					E891978B29C5DA81009A3DA2 = {
						CreatedOnToolsVersion = 14.2;
					};
				};
			};
			buildConfigurationList = E891978729C5DA81009A3DA2 /* Build configuration list for PBXProject "SBSwiftUI" */;
			compatibilityVersion = "Xcode 14.0";
			developmentRegion = en;
			hasScannedForEncodings = 0;
			knownRegions = (
				en,
				Base,
			);
			mainGroup = E891978329C5DA81009A3DA2;
			productRefGroup = E891978D29C5DA81009A3DA2 /* Products */;
			projectDirPath = "";
			projectRoot = "";
			targets = (
				E891978B29C5DA81009A3DA2 /* SBSwiftUI */,
			);
		};
/* End PBXProject section */

/* Begin PBXResourcesBuildPhase section */
		E891978A29C5DA81009A3DA2 /* Resources */ = {
			isa = PBXResourcesBuildPhase;
			buildActionMask = 2147483647;
			files = (
				E8717A1E29C8406600371D80 /* coursesModelData.json in Resources */,
				E8704D0129C76FE500734611 /* userModelData.json in Resources */,
				E891979729C5DA81009A3DA2 /* Preview Assets.xcassets in Resources */,
				E891979429C5DA81009A3DA2 /* Assets.xcassets in Resources */,
			);
			runOnlyForDeploymentPostprocessing = 0;
		};
/* End PBXResourcesBuildPhase section */

/* Begin PBXSourcesBuildPhase section */
		E891978829C5DA81009A3DA2 /* Sources */ = {
			isa = PBXSourcesBuildPhase;
			buildActionMask = 2147483647;
			files = (
				E8717A2229C840CE00371D80 /* Data.swift in Sources */,
				E871F2A429C9AD7C003716F0 /* FriendsList.swift in Sources */,
				E8704CFE29C76FD300734611 /* UserResponse.swift in Sources */,
				E8717A2029C8407400371D80 /* ProductsResponse.swift in Sources */,
				E8717A2629C8A7A400371D80 /* ProductItem.swift in Sources */,
				E891979229C5DA81009A3DA2 /* ContentView.swift in Sources */,
				E8717A2429C8527600371D80 /* ProductRow.swift in Sources */,
				E8704CFB29C7687A00734611 /* Cell.swift in Sources */,
				E891979E29C5E477009A3DA2 /* TopView.swift in Sources */,
				E891979029C5DA81009A3DA2 /* SBSwiftUIApp.swift in Sources */,
			);
			runOnlyForDeploymentPostprocessing = 0;
		};
/* End PBXSourcesBuildPhase section */

/* Begin XCBuildConfiguration section */
		E891979829C5DA81009A3DA2 /* Debug */ = {
			isa = XCBuildConfiguration;
			buildSettings = {
				ALWAYS_SEARCH_USER_PATHS = NO;
				CLANG_ANALYZER_NONNULL = YES;
				CLANG_ANALYZER_NUMBER_OBJECT_CONVERSION = YES_AGGRESSIVE;
				CLANG_CXX_LANGUAGE_STANDARD = "gnu++20";
				CLANG_ENABLE_MODULES = YES;
				CLANG_ENABLE_OBJC_ARC = YES;
				CLANG_ENABLE_OBJC_WEAK = YES;
				CLANG_WARN_BLOCK_CAPTURE_AUTORELEASING = YES;
				CLANG_WARN_BOOL_CONVERSION = YES;
				CLANG_WARN_COMMA = YES;
				CLANG_WARN_CONSTANT_CONVERSION = YES;
				CLANG_WARN_DEPRECATED_OBJC_IMPLEMENTATIONS = YES;
				CLANG_WARN_DIRECT_OBJC_ISA_USAGE = YES_ERROR;
				CLANG_WARN_DOCUMENTATION_COMMENTS = YES;
				CLANG_WARN_EMPTY_BODY = YES;
				CLANG_WARN_ENUM_CONVERSION = YES;
				CLANG_WARN_INFINITE_RECURSION = YES;
				CLANG_WARN_INT_CONVERSION = YES;
				CLANG_WARN_NON_LITERAL_NULL_CONVERSION = YES;
				CLANG_WARN_OBJC_IMPLICIT_RETAIN_SELF = YES;
				CLANG_WARN_OBJC_LITERAL_CONVERSION = YES;
				CLANG_WARN_OBJC_ROOT_CLASS = YES_ERROR;
				CLANG_WARN_QUOTED_INCLUDE_IN_FRAMEWORK_HEADER = YES;
				CLANG_WARN_RANGE_LOOP_ANALYSIS = YES;
				CLANG_WARN_STRICT_PROTOTYPES = YES;
				CLANG_WARN_SUSPICIOUS_MOVE = YES;
				CLANG_WARN_UNGUARDED_AVAILABILITY = YES_AGGRESSIVE;
				CLANG_WARN_UNREACHABLE_CODE = YES;
				CLANG_WARN__DUPLICATE_METHOD_MATCH = YES;
				COPY_PHASE_STRIP = NO;
				DEBUG_INFORMATION_FORMAT = dwarf;
				ENABLE_STRICT_OBJC_MSGSEND = YES;
				ENABLE_TESTABILITY = YES;
				GCC_C_LANGUAGE_STANDARD = gnu11;
				GCC_DYNAMIC_NO_PIC = NO;
				GCC_NO_COMMON_BLOCKS = YES;
				GCC_OPTIMIZATION_LEVEL = 0;
				GCC_PREPROCESSOR_DEFINITIONS = (
					"DEBUG=1",
					"$(inherited)",
				);
				GCC_WARN_64_TO_32_BIT_CONVERSION = YES;
				GCC_WARN_ABOUT_RETURN_TYPE = YES_ERROR;
				GCC_WARN_UNDECLARED_SELECTOR = YES;
				GCC_WARN_UNINITIALIZED_AUTOS = YES_AGGRESSIVE;
				GCC_WARN_UNUSED_FUNCTION = YES;
				GCC_WARN_UNUSED_VARIABLE = YES;
				IPHONEOS_DEPLOYMENT_TARGET = 16.2;
				MTL_ENABLE_DEBUG_INFO = INCLUDE_SOURCE;
				MTL_FAST_MATH = YES;
				ONLY_ACTIVE_ARCH = YES;
				SDKROOT = iphoneos;
				SWIFT_ACTIVE_COMPILATION_CONDITIONS = DEBUG;
				SWIFT_OPTIMIZATION_LEVEL = "-Onone";
			};
			name = Debug;
		};
		E891979929C5DA81009A3DA2 /* Release */ = {
			isa = XCBuildConfiguration;
			buildSettings = {
				ALWAYS_SEARCH_USER_PATHS = NO;
				CLANG_ANALYZER_NONNULL = YES;
				CLANG_ANALYZER_NUMBER_OBJECT_CONVERSION = YES_AGGRESSIVE;
				CLANG_CXX_LANGUAGE_STANDARD = "gnu++20";
				CLANG_ENABLE_MODULES = YES;
				CLANG_ENABLE_OBJC_ARC = YES;
				CLANG_ENABLE_OBJC_WEAK = YES;
				CLANG_WARN_BLOCK_CAPTURE_AUTORELEASING = YES;
				CLANG_WARN_BOOL_CONVERSION = YES;
				CLANG_WARN_COMMA = YES;
				CLANG_WARN_CONSTANT_CONVERSION = YES;
				CLANG_WARN_DEPRECATED_OBJC_IMPLEMENTATIONS = YES;
				CLANG_WARN_DIRECT_OBJC_ISA_USAGE = YES_ERROR;
				CLANG_WARN_DOCUMENTATION_COMMENTS = YES;
				CLANG_WARN_EMPTY_BODY = YES;
				CLANG_WARN_ENUM_CONVERSION = YES;
				CLANG_WARN_INFINITE_RECURSION = YES;
				CLANG_WARN_INT_CONVERSION = YES;
				CLANG_WARN_NON_LITERAL_NULL_CONVERSION = YES;
				CLANG_WARN_OBJC_IMPLICIT_RETAIN_SELF = YES;
				CLANG_WARN_OBJC_LITERAL_CONVERSION = YES;
				CLANG_WARN_OBJC_ROOT_CLASS = YES_ERROR;
				CLANG_WARN_QUOTED_INCLUDE_IN_FRAMEWORK_HEADER = YES;
				CLANG_WARN_RANGE_LOOP_ANALYSIS = YES;
				CLANG_WARN_STRICT_PROTOTYPES = YES;
				CLANG_WARN_SUSPICIOUS_MOVE = YES;
				CLANG_WARN_UNGUARDED_AVAILABILITY = YES_AGGRESSIVE;
				CLANG_WARN_UNREACHABLE_CODE = YES;
				CLANG_WARN__DUPLICATE_METHOD_MATCH = YES;
				COPY_PHASE_STRIP = NO;
				DEBUG_INFORMATION_FORMAT = "dwarf-with-dsym";
				ENABLE_NS_ASSERTIONS = NO;
				ENABLE_STRICT_OBJC_MSGSEND = YES;
				GCC_C_LANGUAGE_STANDARD = gnu11;
				GCC_NO_COMMON_BLOCKS = YES;
				GCC_WARN_64_TO_32_BIT_CONVERSION = YES;
				GCC_WARN_ABOUT_RETURN_TYPE = YES_ERROR;
				GCC_WARN_UNDECLARED_SELECTOR = YES;
				GCC_WARN_UNINITIALIZED_AUTOS = YES_AGGRESSIVE;
				GCC_WARN_UNUSED_FUNCTION = YES;
				GCC_WARN_UNUSED_VARIABLE = YES;
				IPHONEOS_DEPLOYMENT_TARGET = 16.2;
				MTL_ENABLE_DEBUG_INFO = NO;
				MTL_FAST_MATH = YES;
				SDKROOT = iphoneos;
				SWIFT_COMPILATION_MODE = wholemodule;
				SWIFT_OPTIMIZATION_LEVEL = "-O";
				VALIDATE_PRODUCT = YES;
			};
			name = Release;
		};
		E891979B29C5DA81009A3DA2 /* Debug */ = {
			isa = XCBuildConfiguration;
			buildSettings = {
				ASSETCATALOG_COMPILER_APPICON_NAME = AppIcon;
				ASSETCATALOG_COMPILER_GLOBAL_ACCENT_COLOR_NAME = AccentColor;
				CODE_SIGN_STYLE = Automatic;
				CURRENT_PROJECT_VERSION = 1;
				DEVELOPMENT_ASSET_PATHS = "\"SBSwiftUI/Preview Content\"";
				DEVELOPMENT_TEAM = 38TNT4WJ7K;
				ENABLE_PREVIEWS = YES;
				GENERATE_INFOPLIST_FILE = YES;
				INFOPLIST_KEY_UIApplicationSceneManifest_Generation = YES;
				INFOPLIST_KEY_UIApplicationSupportsIndirectInputEvents = YES;
				INFOPLIST_KEY_UILaunchScreen_Generation = YES;
				INFOPLIST_KEY_UISupportedInterfaceOrientations_iPad = "UIInterfaceOrientationPortrait UIInterfaceOrientationPortraitUpsideDown UIInterfaceOrientationLandscapeLeft UIInterfaceOrientationLandscapeRight";
				INFOPLIST_KEY_UISupportedInterfaceOrientations_iPhone = "UIInterfaceOrientationPortrait UIInterfaceOrientationLandscapeLeft UIInterfaceOrientationLandscapeRight";
				LD_RUNPATH_SEARCH_PATHS = (
					"$(inherited)",
					"@executable_path/Frameworks",
				);
				MARKETING_VERSION = 1.0;
				PRODUCT_BUNDLE_IDENTIFIER = marinapolyakova.SBSwiftUI;
				PRODUCT_NAME = "$(TARGET_NAME)";
				SWIFT_EMIT_LOC_STRINGS = YES;
				SWIFT_VERSION = 5.0;
				TARGETED_DEVICE_FAMILY = "1,2";
			};
			name = Debug;
		};
		E891979C29C5DA81009A3DA2 /* Release */ = {
			isa = XCBuildConfiguration;
			buildSettings = {
				ASSETCATALOG_COMPILER_APPICON_NAME = AppIcon;
				ASSETCATALOG_COMPILER_GLOBAL_ACCENT_COLOR_NAME = AccentColor;
				CODE_SIGN_STYLE = Automatic;
				CURRENT_PROJECT_VERSION = 1;
				DEVELOPMENT_ASSET_PATHS = "\"SBSwiftUI/Preview Content\"";
				DEVELOPMENT_TEAM = 38TNT4WJ7K;
				ENABLE_PREVIEWS = YES;
				GENERATE_INFOPLIST_FILE = YES;
				INFOPLIST_KEY_UIApplicationSceneManifest_Generation = YES;
				INFOPLIST_KEY_UIApplicationSupportsIndirectInputEvents = YES;
				INFOPLIST_KEY_UILaunchScreen_Generation = YES;
				INFOPLIST_KEY_UISupportedInterfaceOrientations_iPad = "UIInterfaceOrientationPortrait UIInterfaceOrientationPortraitUpsideDown UIInterfaceOrientationLandscapeLeft UIInterfaceOrientationLandscapeRight";
				INFOPLIST_KEY_UISupportedInterfaceOrientations_iPhone = "UIInterfaceOrientationPortrait UIInterfaceOrientationLandscapeLeft UIInterfaceOrientationLandscapeRight";
				LD_RUNPATH_SEARCH_PATHS = (
					"$(inherited)",
					"@executable_path/Frameworks",
				);
				MARKETING_VERSION = 1.0;
				PRODUCT_BUNDLE_IDENTIFIER = marinapolyakova.SBSwiftUI;
				PRODUCT_NAME = "$(TARGET_NAME)";
				SWIFT_EMIT_LOC_STRINGS = YES;
				SWIFT_VERSION = 5.0;
				TARGETED_DEVICE_FAMILY = "1,2";
			};
			name = Release;
		};
/* End XCBuildConfiguration section */

/* Begin XCConfigurationList section */
		E891978729C5DA81009A3DA2 /* Build configuration list for PBXProject "SBSwiftUI" */ = {
			isa = XCConfigurationList;
			buildConfigurations = (
				E891979829C5DA81009A3DA2 /* Debug */,
				E891979929C5DA81009A3DA2 /* Release */,
			);
			defaultConfigurationIsVisible = 0;
			defaultConfigurationName = Release;
		};
		E891979A29C5DA81009A3DA2 /* Build configuration list for PBXNativeTarget "SBSwiftUI" */ = {
			isa = XCConfigurationList;
			buildConfigurations = (
				E891979B29C5DA81009A3DA2 /* Debug */,
				E891979C29C5DA81009A3DA2 /* Release */,
			);
			defaultConfigurationIsVisible = 0;
			defaultConfigurationName = Release;
		};
/* End XCConfigurationList section */
	};
	rootObject = E891978429C5DA81009A3DA2 /* Project object */;
}
